
Microsoft Visual Studio Solution File, Format Version 11.00
# Visual Studio 2010
# SharpDevelop 4.4
Project("{FAE04EC0-301F-11D3-BF4B-00C04F79EFBC}") = "KaryawanCRUD", "KaryawanCRUD\KaryawanCRUD.csproj", "{BCC524B9-1339-4758-A573-39BCCF9E1B9B}"
EndProject
Global
	GlobalSection(SolutionConfigurationPlatforms) = preSolution
		Debug|Any CPU = Debug|Any CPU
		Release|Any CPU = Release|Any CPU
	EndGlobalSection
	GlobalSection(ProjectConfigurationPlatforms) = postSolution
		{BCC524B9-1339-4758-A573-39BCCF9E1B9B}.Debug|Any CPU.Build.0 = Debug|Any CPU
		{BCC524B9-1339-4758-A573-39BCCF9E1B9B}.Debug|Any CPU.ActiveCfg = Debug|Any CPU
		{BCC524B9-1339-4758-A573-39BCCF9E1B9B}.Release|Any CPU.Build.0 = Release|Any CPU
		{BCC524B9-1339-4758-A573-39BCCF9E1B9B}.Release|Any CPU.ActiveCfg = Release|Any CPU
	EndGlobalSection
EndGlobal
